
Microsoft Visual Studio Solution File, Format Version 12.00
# Visual Studio Version 16
VisualStudioVersion = 16.0.30413.136
MinimumVisualStudioVersion = 10.0.40219.1
Project("{FAE04EC0-301F-11D3-BF4B-00C04F79EFBC}") = "Game2048", "Game2048\Game2048.csproj", "{963BB20A-40F1-4284-A885-5F1B14E4EB7D}"
EndProject
Global
	GlobalSection(SolutionConfigurationPlatforms) = preSolution
		Debug|Any CPU = Debug|Any CPU
		Release|Any CPU = Release|Any CPU
	EndGlobalSection
	GlobalSection(ProjectConfigurationPlatforms) = postSolution
		{963BB20A-40F1-4284-A885-5F1B14E4EB7D}.Debug|Any CPU.ActiveCfg = Debug|Any CPU
		{963BB20A-40F1-4284-A885-5F1B14E4EB7D}.Debug|Any CPU.Build.0 = Debug|Any CPU
		{963BB20A-40F1-4284-A885-5F1B14E4EB7D}.Release|Any CPU.ActiveCfg = Release|Any CPU
		{963BB20A-40F1-4284-A885-5F1B14E4EB7D}.Release|Any CPU.Build.0 = Release|Any CPU
	EndGlobalSection
	GlobalSection(SolutionProperties) = preSolution
		HideSolutionNode = FALSE
	EndGlobalSection
	GlobalSection(ExtensibilityGlobals) = postSolution
		SolutionGuid = {6C40ACB2-34EF-4C7A-BD20-70C6A8DB28B1}
	EndGlobalSection
EndGlobal
